
Microsoft Visual Studio Solution File, Format Version 12.00
# Visual Studio Version 17
VisualStudioVersion = 17.9.34728.123
MinimumVisualStudioVersion = 10.0.40219.1
Project("{FAE04EC0-301F-11D3-BF4B-00C04F79EFBC}") = "Async", "Async\Async.csproj", "{AF2258BA-B373-4E60-99C2-15E5FC11673D}"
EndProject
Global
	GlobalSection(SolutionConfigurationPlatforms) = preSolution
		Debug|Any CPU = Debug|Any CPU
		Release|Any CPU = Release|Any CPU
	EndGlobalSection
	GlobalSection(ProjectConfigurationPlatforms) = postSolution
		{AF2258BA-B373-4E60-99C2-15E5FC11673D}.Debug|Any CPU.ActiveCfg = Debug|Any CPU
		{AF2258BA-B373-4E60-99C2-15E5FC11673D}.Debug|Any CPU.Build.0 = Debug|Any CPU
		{AF2258BA-B373-4E60-99C2-15E5FC11673D}.Release|Any CPU.ActiveCfg = Release|Any CPU
		{AF2258BA-B373-4E60-99C2-15E5FC11673D}.Release|Any CPU.Build.0 = Release|Any CPU
	EndGlobalSection
	GlobalSection(SolutionProperties) = preSolution
		HideSolutionNode = FALSE
	EndGlobalSection
	GlobalSection(ExtensibilityGlobals) = postSolution
		SolutionGuid = {210E6B1E-CED9-49BE-8D1C-6313099630D1}
	EndGlobalSection
EndGlobal
